
Microsoft Visual Studio Solution File, Format Version 12.00
# Visual Studio Version 16
VisualStudioVersion = 16.0.30011.22
MinimumVisualStudioVersion = 10.0.40219.1
Project("{FAE04EC0-301F-11D3-BF4B-00C04F79EFBC}") = "ConsoleApp5", "ConsoleApp5\ConsoleApp5.csproj", "{93E8A519-AC0D-49B6-BA82-81CEB6A48509}"
EndProject
Global
	GlobalSection(SolutionConfigurationPlatforms) = preSolution
		Debug|Any CPU = Debug|Any CPU
		Release|Any CPU = Release|Any CPU
	EndGlobalSection
	GlobalSection(ProjectConfigurationPlatforms) = postSolution
		{93E8A519-AC0D-49B6-BA82-81CEB6A48509}.Debug|Any CPU.ActiveCfg = Debug|Any CPU
		{93E8A519-AC0D-49B6-BA82-81CEB6A48509}.Debug|Any CPU.Build.0 = Debug|Any CPU
		{93E8A519-AC0D-49B6-BA82-81CEB6A48509}.Release|Any CPU.ActiveCfg = Release|Any CPU
		{93E8A519-AC0D-49B6-BA82-81CEB6A48509}.Release|Any CPU.Build.0 = Release|Any CPU
	EndGlobalSection
	GlobalSection(SolutionProperties) = preSolution
		HideSolutionNode = FALSE
	EndGlobalSection
	GlobalSection(ExtensibilityGlobals) = postSolution
		SolutionGuid = {0B2019BF-548D-48DB-A5EE-7E4624582594}
	EndGlobalSection
EndGlobal
